Microsoft Visual Studio Solution File, Format Version 12.00
# Visual Studio Version 17
VisualStudioVersion = 17.5.2.0
MinimumVisualStudioVersion = 10.0.40219.1
Project("{FAE04EC0-301F-11D3-BF4B-00C04F79EFBC}") = "AIChattApp", "AIChattApp.csproj", "{901B54B2-BB00-167B-EF0A-B7265D77D007}"
EndProject
Global
	GlobalSection(SolutionConfigurationPlatforms) = preSolution
		Debug|Any CPU = Debug|Any CPU
		Release|Any CPU = Release|Any CPU
	EndGlobalSection
	GlobalSection(ProjectConfigurationPlatforms) = postSolution
		{901B54B2-BB00-167B-EF0A-B7265D77D007}.Debug|Any CPU.ActiveCfg = Debug|Any CPU
		{901B54B2-BB00-167B-EF0A-B7265D77D007}.Debug|Any CPU.Build.0 = Debug|Any CPU
		{901B54B2-BB00-167B-EF0A-B7265D77D007}.Release|Any CPU.ActiveCfg = Release|Any CPU
		{901B54B2-BB00-167B-EF0A-B7265D77D007}.Release|Any CPU.Build.0 = Release|Any CPU
	EndGlobalSection
	GlobalSection(SolutionProperties) = preSolution
		HideSolutionNode = FALSE
	EndGlobalSection
	GlobalSection(ExtensibilityGlobals) = postSolution
		SolutionGuid = {B7C0C97F-C5B2-4C34-A9A4-D9658F5038DD}
	EndGlobalSection
EndGlobal
